// !$*UTF8*$!
{
	archiveVersion = 1;
	classes = {
	};
	objectVersion = 46;
	objects = {

/* Begin PBXBuildFile section */
		4B3CB78F1E533C2200857450 /* AppDelegate.swift in Sources */ = {isa = PBXBuildFile; fileRef = 4B3CB78E1E533C2200857450 /* AppDelegate.swift */; };
		4B3CB7911E533C2200857450 /* Assets.xcassets in Resources */ = {isa = PBXBuildFile; fileRef = 4B3CB7901E533C2200857450 /* Assets.xcassets */; };
		4B3CB7941E533C2200857450 /* MainMenu.xib in Resources */ = {isa = PBXBuildFile; fileRef = 4B3CB7921E533C2200857450 /* MainMenu.xib */; };
		4B3CB7AA1E533CF100857450 /* SearchTreeKit.framework in Frameworks */ = {isa = PBXBuildFile; fileRef = 4B3CB7A31E533CE600857450 /* SearchTreeKit.framework */; };
		4B3CB7AC1E533D4A00857450 /* Nuggets.swift in Sources */ = {isa = PBXBuildFile; fileRef = 4B3CB7AB1E533D4A00857450 /* Nuggets.swift */; };
/* End PBXBuildFile section */

/* Begin PBXContainerItemProxy section */
		4B3CB7A21E533CE600857450 /* PBXContainerItemProxy */ = {
			isa = PBXContainerItemProxy;
			containerPortal = 4B3CB79B1E533CE600857450 /* SearchTreeKit.xcodeproj */;
			proxyType = 2;
			remoteGlobalIDString = 4B6064DE1E1A106C00172FA6;
			remoteInfo = SearchTreeKit;
		};
		4B3CB7A41E533CE600857450 /* PBXContainerItemProxy */ = {
			isa = PBXContainerItemProxy;
			containerPortal = 4B3CB79B1E533CE600857450 /* SearchTreeKit.xcodeproj */;
			proxyType = 2;
			remoteGlobalIDString = 4B6064E71E1A106C00172FA6;
			remoteInfo = SearchTreeKitTests;
		};
		4B3CB7A61E533CE600857450 /* PBXContainerItemProxy */ = {
			isa = PBXContainerItemProxy;
			containerPortal = 4B3CB79B1E533CE600857450 /* SearchTreeKit.xcodeproj */;
			proxyType = 2;
			remoteGlobalIDString = 4B6064FD1E1A109000172FA6;
			remoteInfo = "SearchTreeKit iOS";
		};
		4B3CB7A81E533CE600857450 /* PBXContainerItemProxy */ = {
			isa = PBXContainerItemProxy;
			containerPortal = 4B3CB79B1E533CE600857450 /* SearchTreeKit.xcodeproj */;
			proxyType = 2;
			remoteGlobalIDString = 4B6065051E1A109000172FA6;
			remoteInfo = "SearchTreeKit iOSTests";
		};
/* End PBXContainerItemProxy section */

/* Begin PBXFileReference section */
		4B3CB78B1E533C2200857450 /* Chicken Nuggets.app */ = {isa = PBXFileReference; explicitFileType = wrapper.application; includeInIndex = 0; path = "Chicken Nuggets.app"; sourceTree = BUILT_PRODUCTS_DIR; };
		4B3CB78E1E533C2200857450 /* AppDelegate.swift */ = {isa = PBXFileReference; lastKnownFileType = sourcecode.swift; path = AppDelegate.swift; sourceTree = "<group>"; };
		4B3CB7901E533C2200857450 /* Assets.xcassets */ = {isa = PBXFileReference; lastKnownFileType = folder.assetcatalog; path = Assets.xcassets; sourceTree = "<group>"; };
		4B3CB7931E533C2200857450 /* Base */ = {isa = PBXFileReference; lastKnownFileType = file.xib; name = Base; path = Base.lproj/MainMenu.xib; sourceTree = "<group>"; };
		4B3CB7951E533C2200857450 /* Info.plist */ = {isa = PBXFileReference; lastKnownFileType = text.plist.xml; path = Info.plist; sourceTree = "<group>"; };
		4B3CB79B1E533CE600857450 /* SearchTreeKit.xcodeproj */ = {isa = PBXFileReference; lastKnownFileType = "wrapper.pb-project"; name = SearchTreeKit.xcodeproj; path = ../SearchTreeKit/SearchTreeKit.xcodeproj; sourceTree = "<group>"; };
		4B3CB7AB1E533D4A00857450 /* Nuggets.swift */ = {isa = PBXFileReference; fileEncoding = 4; lastKnownFileType = sourcecode.swift; path = Nuggets.swift; sourceTree = "<group>"; };
/* End PBXFileReference section */

/* Begin PBXFrameworksBuildPhase section */
		4B3CB7881E533C2200857450 /* Frameworks */ = {
			isa = PBXFrameworksBuildPhase;
			buildActionMask = 2147483647;
			files = (
				4B3CB7AA1E533CF100857450 /* SearchTreeKit.framework in Frameworks */,
			);
			runOnlyForDeploymentPostprocessing = 0;
		};
/* End PBXFrameworksBuildPhase section */

/* Begin PBXGroup section */
		4B3CB7821E533C2200857450 = {
			isa = PBXGroup;
			children = (
				4B3CB79B1E533CE600857450 /* SearchTreeKit.xcodeproj */,
				4B3CB78D1E533C2200857450 /* Chicken Nuggets */,
				4B3CB78C1E533C2200857450 /* Products */,
			);
			sourceTree = "<group>";
		};
		4B3CB78C1E533C2200857450 /* Products */ = {
			isa = PBXGroup;
			children = (
				4B3CB78B1E533C2200857450 /* Chicken Nuggets.app */,
			);
			name = Products;
			sourceTree = "<group>";
		};
		4B3CB78D1E533C2200857450 /* Chicken Nuggets */ = {
			isa = PBXGroup;
			children = (
				4B3CB78E1E533C2200857450 /* AppDelegate.swift */,
				4B3CB7AB1E533D4A00857450 /* Nuggets.swift */,
				4B3CB7901E533C2200857450 /* Assets.xcassets */,
				4B3CB7921E533C2200857450 /* MainMenu.xib */,
				4B3CB7951E533C2200857450 /* Info.plist */,
			);
			path = "Chicken Nuggets";
			sourceTree = "<group>";
		};
		4B3CB79C1E533CE600857450 /* Products */ = {
			isa = PBXGroup;
			children = (
				4B3CB7A31E533CE600857450 /* SearchTreeKit.framework */,
				4B3CB7A51E533CE600857450 /* SearchTreeKitTests.xctest */,
				4B3CB7A71E533CE600857450 /* SearchTreeKit.framework */,
				4B3CB7A91E533CE600857450 /* SearchTreeKit iOSTests.xctest */,
			);
			name = Products;
			sourceTree = "<group>";
		};
/* End PBXGroup section */

/* Begin PBXNativeTarget section */
		4B3CB78A1E533C2200857450 /* Chicken Nuggets */ = {
			isa = PBXNativeTarget;
			buildConfigurationList = 4B3CB7981E533C2200857450 /* Build configuration list for PBXNativeTarget "Chicken Nuggets" */;
			buildPhases = (
				4B3CB7871E533C2200857450 /* Sources */,
				4B3CB7881E533C2200857450 /* Frameworks */,
				4B3CB7891E533C2200857450 /* Resources */,
			);
			buildRules = (
			);
			dependencies = (
			);
			name = "Chicken Nuggets";
			productName = "Chicken Nuggets";
			productReference = 4B3CB78B1E533C2200857450 /* Chicken Nuggets.app */;
			productType = "com.apple.product-type.application";
		};
/* End PBXNativeTarget section */

/* Begin PBXProject section */
		4B3CB7831E533C2200857450 /* Project object */ = {
			isa = PBXProject;
			attributes = {
				LastSwiftUpdateCheck = 0820;
				LastUpgradeCheck = 0820;
				ORGANIZATIONNAME = ChristopherFonseka;
				TargetAttributes = {
					4B3CB78A1E533C2200857450 = {
						CreatedOnToolsVersion = 8.2.1;
						DevelopmentTeam = LH8455G983;
						ProvisioningStyle = Automatic;
					};
				};
			};
			buildConfigurationList = 4B3CB7861E533C2200857450 /* Build configuration list for PBXProject "Chicken Nuggets" */;
			compatibilityVersion = "Xcode 3.2";
			developmentRegion = English;
			hasScannedForEncodings = 0;
			knownRegions = (
				en,
				Base,
			);
			mainGroup = 4B3CB7821E533C2200857450;
			productRefGroup = 4B3CB78C1E533C2200857450 /* Products */;
			projectDirPath = "";
			projectReferences = (
				{
					ProductGroup = 4B3CB79C1E533CE600857450 /* Products */;
					ProjectRef = 4B3CB79B1E533CE600857450 /* SearchTreeKit.xcodeproj */;
				},
			);
			projectRoot = "";
			targets = (
				4B3CB78A1E533C2200857450 /* Chicken Nuggets */,
			);
		};
/* End PBXProject section */

/* Begin PBXReferenceProxy section */
		4B3CB7A31E533CE600857450 /* SearchTreeKit.framework */ = {
			isa = PBXReferenceProxy;
			fileType = wrapper.framework;
			path = SearchTreeKit.framework;
			remoteRef = 4B3CB7A21E533CE600857450 /* PBXContainerItemProxy */;
			sourceTree = BUILT_PRODUCTS_DIR;
		};
		4B3CB7A51E533CE600857450 /* SearchTreeKitTests.xctest */ = {
			isa = PBXReferenceProxy;
			fileType = wrapper.cfbundle;
			path = SearchTreeKitTests.xctest;
			remoteRef = 4B3CB7A41E533CE600857450 /* PBXContainerItemProxy */;
			sourceTree = BUILT_PRODUCTS_DIR;
		};
		4B3CB7A71E533CE600857450 /* SearchTreeKit.framework */ = {
			isa = PBXReferenceProxy;
			fileType = wrapper.framework;
			path = SearchTreeKit.framework;
			remoteRef = 4B3CB7A61E533CE600857450 /* PBXContainerItemProxy */;
			sourceTree = BUILT_PRODUCTS_DIR;
		};
		4B3CB7A91E533CE600857450 /* SearchTreeKit iOSTests.xctest */ = {
			isa = PBXReferenceProxy;
			fileType = wrapper.cfbundle;
			path = "SearchTreeKit iOSTests.xctest";
			remoteRef = 4B3CB7A81E533CE600857450 /* PBXContainerItemProxy */;
			sourceTree = BUILT_PRODUCTS_DIR;
		};
/* End PBXReferenceProxy section */

/* Begin PBXResourcesBuildPhase section */
		4B3CB7891E533C2200857450 /* Resources */ = {
			isa = PBXResourcesBuildPhase;
			buildActionMask = 2147483647;
			files = (
				4B3CB7911E533C2200857450 /* Assets.xcassets in Resources */,
				4B3CB7941E533C2200857450 /* MainMenu.xib in Resources */,
			);
			runOnlyForDeploymentPostprocessing = 0;
		};
/* End PBXResourcesBuildPhase section */

/* Begin PBXSourcesBuildPhase section */
		4B3CB7871E533C2200857450 /* Sources */ = {
			isa = PBXSourcesBuildPhase;
			buildActionMask = 2147483647;
			files = (
				4B3CB78F1E533C2200857450 /* AppDelegate.swift in Sources */,
				4B3CB7AC1E533D4A00857450 /* Nuggets.swift in Sources */,
			);
			runOnlyForDeploymentPostprocessing = 0;
		};
/* End PBXSourcesBuildPhase section */

/* Begin PBXVariantGroup section */
		4B3CB7921E533C2200857450 /* MainMenu.xib */ = {
			isa = PBXVariantGroup;
			children = (
				4B3CB7931E533C2200857450 /* Base */,
			);
			name = MainMenu.xib;
			sourceTree = "<group>";
		};
/* End PBXVariantGroup section */

/* Begin XCBuildConfiguration section */
		4B3CB7961E533C2200857450 /* Debug */ = {
			isa = XCBuildConfiguration;
			buildSettings = {
				ALWAYS_SEARCH_USER_PATHS = NO;
				CLANG_ANALYZER_NONNULL = YES;
				CLANG_CXX_LANGUAGE_STANDARD = "gnu++0x";
				CLANG_CXX_LIBRARY = "libc++";
				CLANG_ENABLE_MODULES = YES;
				CLANG_ENABLE_OBJC_ARC = YES;
				CLANG_WARN_BOOL_CONVERSION = YES;
				CLANG_WARN_CONSTANT_CONVERSION = YES;
				CLANG_WARN_DIRECT_OBJC_ISA_USAGE = YES_ERROR;
				CLANG_WARN_DOCUMENTATION_COMMENTS = YES;
				CLANG_WARN_EMPTY_BODY = YES;
				CLANG_WARN_ENUM_CONVERSION = YES;
				CLANG_WARN_INFINITE_RECURSION = YES;
				CLANG_WARN_INT_CONVERSION = YES;
				CLANG_WARN_OBJC_ROOT_CLASS = YES_ERROR;
				CLANG_WARN_SUSPICIOUS_MOVE = YES;
				CLANG_WARN_UNREACHABLE_CODE = YES;
				CLANG_WARN__DUPLICATE_METHOD_MATCH = YES;
				CODE_SIGN_IDENTITY = "-";
				COPY_PHASE_STRIP = NO;
				DEBUG_INFORMATION_FORMAT = dwarf;
				ENABLE_STRICT_OBJC_MSGSEND = YES;
				ENABLE_TESTABILITY = YES;
				GCC_C_LANGUAGE_STANDARD = gnu99;
				GCC_DYNAMIC_NO_PIC = NO;
				GCC_NO_COMMON_BLOCKS = YES;
				GCC_OPTIMIZATION_LEVEL = 0;
				GCC_PREPROCESSOR_DEFINITIONS = (
					"DEBUG=1",
					"$(inherited)",
				);
				GCC_WARN_64_TO_32_BIT_CONVERSION = YES;
				GCC_WARN_ABOUT_RETURN_TYPE = YES_ERROR;
				GCC_WARN_UNDECLARED_SELECTOR = YES;
				GCC_WARN_UNINITIALIZED_AUTOS = YES_AGGRESSIVE;
				GCC_WARN_UNUSED_FUNCTION = YES;
				GCC_WARN_UNUSED_VARIABLE = YES;
				MACOSX_DEPLOYMENT_TARGET = 10.12;
				MTL_ENABLE_DEBUG_INFO = YES;
				ONLY_ACTIVE_ARCH = YES;
				SDKROOT = macosx;
				SWIFT_ACTIVE_COMPILATION_CONDITIONS = DEBUG;
				SWIFT_OPTIMIZATION_LEVEL = "-Onone";
			};
			name = Debug;
		};
		4B3CB7971E533C2200857450 /* Release */ = {
			isa = XCBuildConfiguration;
			buildSettings = {
				ALWAYS_SEARCH_USER_PATHS = NO;
				CLANG_ANALYZER_NONNULL = YES;
				CLANG_CXX_LANGUAGE_STANDARD = "gnu++0x";
				CLANG_CXX_LIBRARY = "libc++";
				CLANG_ENABLE_MODULES = YES;
				CLANG_ENABLE_OBJC_ARC = YES;
				CLANG_WARN_BOOL_CONVERSION = YES;
				CLANG_WARN_CONSTANT_CONVERSION = YES;
				CLANG_WARN_DIRECT_OBJC_ISA_USAGE = YES_ERROR;
				CLANG_WARN_DOCUMENTATION_COMMENTS = YES;
				CLANG_WARN_EMPTY_BODY = YES;
				CLANG_WARN_ENUM_CONVERSION = YES;
				CLANG_WARN_INFINITE_RECURSION = YES;
				CLANG_WARN_INT_CONVERSION = YES;
				CLANG_WARN_OBJC_ROOT_CLASS = YES_ERROR;
				CLANG_WARN_SUSPICIOUS_MOVE = YES;
				CLANG_WARN_UNREACHABLE_CODE = YES;
				CLANG_WARN__DUPLICATE_METHOD_MATCH = YES;
				CODE_SIGN_IDENTITY = "-";
				COPY_PHASE_STRIP = NO;
				DEBUG_INFORMATION_FORMAT = "dwarf-with-dsym";
				ENABLE_NS_ASSERTIONS = NO;
				ENABLE_STRICT_OBJC_MSGSEND = YES;
				GCC_C_LANGUAGE_STANDARD = gnu99;
				GCC_NO_COMMON_BLOCKS = YES;
				GCC_WARN_64_TO_32_BIT_CONVERSION = YES;
				GCC_WARN_ABOUT_RETURN_TYPE = YES_ERROR;
				GCC_WARN_UNDECLARED_SELECTOR = YES;
				GCC_WARN_UNINITIALIZED_AUTOS = YES_AGGRESSIVE;
				GCC_WARN_UNUSED_FUNCTION = YES;
				GCC_WARN_UNUSED_VARIABLE = YES;
				MACOSX_DEPLOYMENT_TARGET = 10.12;
				MTL_ENABLE_DEBUG_INFO = NO;
				SDKROOT = macosx;
				SWIFT_OPTIMIZATION_LEVEL = "-Owholemodule";
			};
			name = Release;
		};
		4B3CB7991E533C2200857450 /* Debug */ = {
			isa = XCBuildConfiguration;
			buildSettings = {
				ASSETCATALOG_COMPILER_APPICON_NAME = AppIcon;
				COMBINE_HIDPI_IMAGES = YES;
				DEVELOPMENT_TEAM = LH8455G983;
				INFOPLIST_FILE = "Chicken Nuggets/Info.plist";
				LD_RUNPATH_SEARCH_PATHS = "$(inherited) @executable_path/../Frameworks";
				PRODUCT_BUNDLE_IDENTIFIER = "com.christopherFonseka.Chicken-Nuggets";
				PRODUCT_NAME = "$(TARGET_NAME)";
				SWIFT_VERSION = 3.0;
			};
			name = Debug;
		};
		4B3CB79A1E533C2200857450 /* Release */ = {
			isa = XCBuildConfiguration;
			buildSettings = {
				ASSETCATALOG_COMPILER_APPICON_NAME = AppIcon;
				COMBINE_HIDPI_IMAGES = YES;
				DEVELOPMENT_TEAM = LH8455G983;
				INFOPLIST_FILE = "Chicken Nuggets/Info.plist";
				LD_RUNPATH_SEARCH_PATHS = "$(inherited) @executable_path/../Frameworks";
				PRODUCT_BUNDLE_IDENTIFIER = "com.christopherFonseka.Chicken-Nuggets";
				PRODUCT_NAME = "$(TARGET_NAME)";
				SWIFT_VERSION = 3.0;
			};
			name = Release;
		};
/* End XCBuildConfiguration section */

/* Begin XCConfigurationList section */
		4B3CB7861E533C2200857450 /* Build configuration list for PBXProject "Chicken Nuggets" */ = {
			isa = XCConfigurationList;
			buildConfigurations = (
				4B3CB7961E533C2200857450 /* Debug */,
				4B3CB7971E533C2200857450 /* Release */,
			);
			defaultConfigurationIsVisible = 0;
			defaultConfigurationName = Release;
		};
		4B3CB7981E533C2200857450 /* Build configuration list for PBXNativeTarget "Chicken Nuggets" */ = {
			isa = XCConfigurationList;
			buildConfigurations = (
				4B3CB7991E533C2200857450 /* Debug */,
				4B3CB79A1E533C2200857450 /* Release */,
			);
			defaultConfigurationIsVisible = 0;
		};
/* End XCConfigurationList section */
	};
	rootObject = 4B3CB7831E533C2200857450 /* Project object */;
}
